<?xml version="1.0" encoding="utf-8"?>
<Project ToolsVersion="15.0" xmlns="http://schemas.microsoft.com/developer/msbuild/2003">
  <ItemGroup>
    <ClCompile Include="C:\GitHub\msincenselee_vnpy\vnpy\component\chanlun\ChanlunX\Bi.cpp">
      <Filter>Source Files</Filter>
    </ClCompile>
    <ClCompile Include="C:\GitHub\msincenselee_vnpy\vnpy\component\chanlun\ChanlunX\Duan.cpp">
      <Filter>Source Files</Filter>
    </ClCompile>
    <ClCompile Include="C:\GitHub\msincenselee_vnpy\vnpy\component\chanlun\ChanlunX\Main.cpp">
      <Filter>Source Files</Filter>
    </ClCompile>
    <ClCompile Include="C:\GitHub\msincenselee_vnpy\vnpy\component\chanlun\ChanlunX\ZhongShu.cpp">
      <Filter>Source Files</Filter>
    </ClCompile>
  </ItemGroup>
  <ItemGroup>
    <CustomBuild Include="C:\GitHub\msincenselee_vnpy\vnpy\component\chanlun\ChanlunX\CMakeLists.txt" />
  </ItemGroup>
  <ItemGroup>
    <Filter Include="Source Files">
      <UniqueIdentifier>{1BB6AF39-74B7-352D-BBC0-89B3F4A5E78E}</UniqueIdentifier>
    </Filter>
  </ItemGroup>
  <ItemGroup>
    <ClInclude Include="auto_tchar.h">
      <Filter>Source Files</Filter>
    </ClInclude>
  </ItemGroup>
</Project>